
Microsoft Visual Studio Solution File, Format Version 12.00
# Visual Studio 15
VisualStudioVersion = 15.0.28307.329
MinimumVisualStudioVersion = 10.0.40219.1
Project("{FAE04EC0-301F-11D3-BF4B-00C04F79EFBC}") = "PersonSearch", "PersonSearch\PersonSearch.csproj", "{26CF0886-2407-4731-B554-E65B21BAF43D}"
EndProject
Project("{FAE04EC0-301F-11D3-BF4B-00C04F79EFBC}") = "PersonSearch.Tests", "PersonSearch.Tests\PersonSearch.Tests.csproj", "{70E52CF2-A09B-474C-AFB9-CBA76E35446C}"
EndProject
Global
	GlobalSection(SolutionConfigurationPlatforms) = preSolution
		Debug|Any CPU = Debug|Any CPU
		Release|Any CPU = Release|Any CPU
	EndGlobalSection
	GlobalSection(ProjectConfigurationPlatforms) = postSolution
		{26CF0886-2407-4731-B554-E65B21BAF43D}.Debug|Any CPU.ActiveCfg = Debug|Any CPU
		{26CF0886-2407-4731-B554-E65B21BAF43D}.Debug|Any CPU.Build.0 = Debug|Any CPU
		{26CF0886-2407-4731-B554-E65B21BAF43D}.Release|Any CPU.ActiveCfg = Release|Any CPU
		{26CF0886-2407-4731-B554-E65B21BAF43D}.Release|Any CPU.Build.0 = Release|Any CPU
		{70E52CF2-A09B-474C-AFB9-CBA76E35446C}.Debug|Any CPU.ActiveCfg = Debug|Any CPU
		{70E52CF2-A09B-474C-AFB9-CBA76E35446C}.Debug|Any CPU.Build.0 = Debug|Any CPU
		{70E52CF2-A09B-474C-AFB9-CBA76E35446C}.Release|Any CPU.ActiveCfg = Release|Any CPU
		{70E52CF2-A09B-474C-AFB9-CBA76E35446C}.Release|Any CPU.Build.0 = Release|Any CPU
	EndGlobalSection
	GlobalSection(SolutionProperties) = preSolution
		HideSolutionNode = FALSE
	EndGlobalSection
	GlobalSection(ExtensibilityGlobals) = postSolution
		SolutionGuid = {9A8D6D8C-A2AD-483F-8890-24E23FC1829A}
	EndGlobalSection
EndGlobal
